
Microsoft Visual Studio Solution File, Format Version 12.00
# Visual Studio 2012
Project("{FAE04EC0-301F-11D3-BF4B-00C04F79EFBC}") = "ConsoleApplication", "app\ConsoleApplication.csproj", "{B3EC8CA3-35E3-4737-B871-4D819C882394}"
EndProject
Project("{FAE04EC0-301F-11D3-BF4B-00C04F79EFBC}") = "Obfuscation", "lib\Obfuscation.csproj", "{122535FD-D688-423E-9FDA-91AC253B7627}"
EndProject
Project("{FAE04EC0-301F-11D3-BF4B-00C04F79EFBC}") = "UnitTests", "test\UnitTests.csproj", "{229D476E-C1A0-4EC1-ABC3-B62662732CD7}"
EndProject
Global
	GlobalSection(SolutionConfigurationPlatforms) = preSolution
		Debug|Any CPU = Debug|Any CPU
		Release|Any CPU = Release|Any CPU
	EndGlobalSection
	GlobalSection(ProjectConfigurationPlatforms) = postSolution
		{B3EC8CA3-35E3-4737-B871-4D819C882394}.Debug|Any CPU.ActiveCfg = Debug|Any CPU
		{B3EC8CA3-35E3-4737-B871-4D819C882394}.Debug|Any CPU.Build.0 = Debug|Any CPU
		{B3EC8CA3-35E3-4737-B871-4D819C882394}.Release|Any CPU.ActiveCfg = Release|Any CPU
		{B3EC8CA3-35E3-4737-B871-4D819C882394}.Release|Any CPU.Build.0 = Release|Any CPU
		{122535FD-D688-423E-9FDA-91AC253B7627}.Debug|Any CPU.ActiveCfg = Debug|Any CPU
		{122535FD-D688-423E-9FDA-91AC253B7627}.Debug|Any CPU.Build.0 = Debug|Any CPU
		{122535FD-D688-423E-9FDA-91AC253B7627}.Release|Any CPU.ActiveCfg = Release|Any CPU
		{122535FD-D688-423E-9FDA-91AC253B7627}.Release|Any CPU.Build.0 = Release|Any CPU
		{229D476E-C1A0-4EC1-ABC3-B62662732CD7}.Debug|Any CPU.ActiveCfg = Debug|Any CPU
		{229D476E-C1A0-4EC1-ABC3-B62662732CD7}.Debug|Any CPU.Build.0 = Debug|Any CPU
		{229D476E-C1A0-4EC1-ABC3-B62662732CD7}.Release|Any CPU.ActiveCfg = Release|Any CPU
		{229D476E-C1A0-4EC1-ABC3-B62662732CD7}.Release|Any CPU.Build.0 = Release|Any CPU
	EndGlobalSection
	GlobalSection(SolutionProperties) = preSolution
		HideSolutionNode = FALSE
	EndGlobalSection
EndGlobal
